
Microsoft Visual Studio Solution File, Format Version 12.00
# Visual Studio Version 16
VisualStudioVersion = 16.0.30204.135
MinimumVisualStudioVersion = 10.0.40219.1
Project("{FAE04EC0-301F-11D3-BF4B-00C04F79EFBC}") = "Richasy-Font-UWP", "Richasy-Font-UWP\Richasy-Font-UWP.csproj", "{D8B80035-F1C7-42C6-9A6E-1B64C3AC0515}"
EndProject
Global
	GlobalSection(SolutionConfigurationPlatforms) = preSolution
		Debug|Any CPU = Debug|Any CPU
		Debug|ARM = Debug|ARM
		Debug|ARM64 = Debug|ARM64
		Debug|x64 = Debug|x64
		Debug|x86 = Debug|x86
		Release|Any CPU = Release|Any CPU
		Release|ARM = Release|ARM
		Release|ARM64 = Release|ARM64
		Release|x64 = Release|x64
		Release|x86 = Release|x86
	EndGlobalSection
	GlobalSection(ProjectConfigurationPlatforms) = postSolution
		{D8B80035-F1C7-42C6-9A6E-1B64C3AC0515}.Debug|Any CPU.ActiveCfg = Debug|Any CPU
		{D8B80035-F1C7-42C6-9A6E-1B64C3AC0515}.Debug|Any CPU.Build.0 = Debug|Any CPU
		{D8B80035-F1C7-42C6-9A6E-1B64C3AC0515}.Debug|ARM.ActiveCfg = Debug|ARM
		{D8B80035-F1C7-42C6-9A6E-1B64C3AC0515}.Debug|ARM.Build.0 = Debug|ARM
		{D8B80035-F1C7-42C6-9A6E-1B64C3AC0515}.Debug|ARM64.ActiveCfg = Debug|ARM64
		{D8B80035-F1C7-42C6-9A6E-1B64C3AC0515}.Debug|ARM64.Build.0 = Debug|ARM64
		{D8B80035-F1C7-42C6-9A6E-1B64C3AC0515}.Debug|x64.ActiveCfg = Debug|x64
		{D8B80035-F1C7-42C6-9A6E-1B64C3AC0515}.Debug|x64.Build.0 = Debug|x64
		{D8B80035-F1C7-42C6-9A6E-1B64C3AC0515}.Debug|x86.ActiveCfg = Debug|x86
		{D8B80035-F1C7-42C6-9A6E-1B64C3AC0515}.Debug|x86.Build.0 = Debug|x86
		{D8B80035-F1C7-42C6-9A6E-1B64C3AC0515}.Release|Any CPU.ActiveCfg = Release|Any CPU
		{D8B80035-F1C7-42C6-9A6E-1B64C3AC0515}.Release|Any CPU.Build.0 = Release|Any CPU
		{D8B80035-F1C7-42C6-9A6E-1B64C3AC0515}.Release|ARM.ActiveCfg = Release|ARM
		{D8B80035-F1C7-42C6-9A6E-1B64C3AC0515}.Release|ARM.Build.0 = Release|ARM
		{D8B80035-F1C7-42C6-9A6E-1B64C3AC0515}.Release|ARM64.ActiveCfg = Release|ARM64
		{D8B80035-F1C7-42C6-9A6E-1B64C3AC0515}.Release|ARM64.Build.0 = Release|ARM64
		{D8B80035-F1C7-42C6-9A6E-1B64C3AC0515}.Release|x64.ActiveCfg = Release|x64
		{D8B80035-F1C7-42C6-9A6E-1B64C3AC0515}.Release|x64.Build.0 = Release|x64
		{D8B80035-F1C7-42C6-9A6E-1B64C3AC0515}.Release|x86.ActiveCfg = Release|x86
		{D8B80035-F1C7-42C6-9A6E-1B64C3AC0515}.Release|x86.Build.0 = Release|x86
	EndGlobalSection
	GlobalSection(SolutionProperties) = preSolution
		HideSolutionNode = FALSE
	EndGlobalSection
	GlobalSection(ExtensibilityGlobals) = postSolution
		SolutionGuid = {943A6535-CD36-4359-B8D5-897AF121C8EC}
	EndGlobalSection
EndGlobal
